
Microsoft Visual Studio Solution File, Format Version 12.00
# Visual Studio Version 16
VisualStudioVersion = 16.0.31410.357
MinimumVisualStudioVersion = 10.0.40219.1
Project("{2150E333-8FDC-42A3-9474-1A3956D46DE8}") = "src", "src", "{AF8C28FC-EDC1-4042-ACAE-2005D5749CB1}"
EndProject
Project("{2150E333-8FDC-42A3-9474-1A3956D46DE8}") = "test", "test", "{BB9D8E2A-3F30-4B07-B56C-18DF9B495D74}"
EndProject
Project("{9A19103F-16F7-4668-BE54-9A1E7A4F7556}") = "DevHours.CloudNative.Api", "src\DevHours.CloudNative.Api\DevHours.CloudNative.Api.csproj", "{ADD64D04-B06A-4D86-8DCD-FF169E4B2A05}"
EndProject
Project("{9A19103F-16F7-4668-BE54-9A1E7A4F7556}") = "DevHours.CloudNative.Core", "src\DevHours.CloudNative.Core\DevHours.CloudNative.Core.csproj", "{BA14634B-14F7-41CE-A37C-430D215AECBE}"
EndProject
Project("{9A19103F-16F7-4668-BE54-9A1E7A4F7556}") = "DevHours.CloudNative.Infra", "src\DevHours.CloudNative.Infra\DevHours.CloudNative.Infra.csproj", "{CF25D0C2-0092-4AFB-ABAA-992EE0AAA62D}"
EndProject
Project("{2150E333-8FDC-42A3-9474-1A3956D46DE8}") = "Solution Items", "Solution Items", "{D10635E0-A2C6-46A4-85B4-EC96EF32A357}"
	ProjectSection(SolutionItems) = preProject
		docker-compose.yml = docker-compose.yml
		README.md = README.md
	EndProjectSection
EndProject
Project("{FAE04EC0-301F-11D3-BF4B-00C04F79EFBC}") = "DevHours.CloudNative.Infra.Tests", "test\DevHours.CloudNative.Infra.Tests\DevHours.CloudNative.Infra.Tests.csproj", "{25BA5B89-8E61-46BB-B550-D9B3EC947CB9}"
EndProject
Global
	GlobalSection(SolutionConfigurationPlatforms) = preSolution
		Debug|Any CPU = Debug|Any CPU
		Release|Any CPU = Release|Any CPU
	EndGlobalSection
	GlobalSection(ProjectConfigurationPlatforms) = postSolution
		{ADD64D04-B06A-4D86-8DCD-FF169E4B2A05}.Debug|Any CPU.ActiveCfg = Debug|Any CPU
		{ADD64D04-B06A-4D86-8DCD-FF169E4B2A05}.Debug|Any CPU.Build.0 = Debug|Any CPU
		{ADD64D04-B06A-4D86-8DCD-FF169E4B2A05}.Release|Any CPU.ActiveCfg = Release|Any CPU
		{ADD64D04-B06A-4D86-8DCD-FF169E4B2A05}.Release|Any CPU.Build.0 = Release|Any CPU
		{BA14634B-14F7-41CE-A37C-430D215AECBE}.Debug|Any CPU.ActiveCfg = Debug|Any CPU
		{BA14634B-14F7-41CE-A37C-430D215AECBE}.Debug|Any CPU.Build.0 = Debug|Any CPU
		{BA14634B-14F7-41CE-A37C-430D215AECBE}.Release|Any CPU.ActiveCfg = Release|Any CPU
		{BA14634B-14F7-41CE-A37C-430D215AECBE}.Release|Any CPU.Build.0 = Release|Any CPU
		{CF25D0C2-0092-4AFB-ABAA-992EE0AAA62D}.Debug|Any CPU.ActiveCfg = Debug|Any CPU
		{CF25D0C2-0092-4AFB-ABAA-992EE0AAA62D}.Debug|Any CPU.Build.0 = Debug|Any CPU
		{CF25D0C2-0092-4AFB-ABAA-992EE0AAA62D}.Release|Any CPU.ActiveCfg = Release|Any CPU
		{CF25D0C2-0092-4AFB-ABAA-992EE0AAA62D}.Release|Any CPU.Build.0 = Release|Any CPU
		{25BA5B89-8E61-46BB-B550-D9B3EC947CB9}.Debug|Any CPU.ActiveCfg = Debug|Any CPU
		{25BA5B89-8E61-46BB-B550-D9B3EC947CB9}.Debug|Any CPU.Build.0 = Debug|Any CPU
		{25BA5B89-8E61-46BB-B550-D9B3EC947CB9}.Release|Any CPU.ActiveCfg = Release|Any CPU
		{25BA5B89-8E61-46BB-B550-D9B3EC947CB9}.Release|Any CPU.Build.0 = Release|Any CPU
	EndGlobalSection
	GlobalSection(SolutionProperties) = preSolution
		HideSolutionNode = FALSE
	EndGlobalSection
	GlobalSection(NestedProjects) = preSolution
		{ADD64D04-B06A-4D86-8DCD-FF169E4B2A05} = {AF8C28FC-EDC1-4042-ACAE-2005D5749CB1}
		{BA14634B-14F7-41CE-A37C-430D215AECBE} = {AF8C28FC-EDC1-4042-ACAE-2005D5749CB1}
		{CF25D0C2-0092-4AFB-ABAA-992EE0AAA62D} = {AF8C28FC-EDC1-4042-ACAE-2005D5749CB1}
		{25BA5B89-8E61-46BB-B550-D9B3EC947CB9} = {BB9D8E2A-3F30-4B07-B56C-18DF9B495D74}
	EndGlobalSection
	GlobalSection(ExtensibilityGlobals) = postSolution
		SolutionGuid = {53C93775-784D-471E-93EE-24CFA19E8533}
	EndGlobalSection
EndGlobal
